
Microsoft Visual Studio Solution File, Format Version 12.00
# Visual Studio Version 16
VisualStudioVersion = 16.0.31424.327
MinimumVisualStudioVersion = 10.0.40219.1
Project("{FAE04EC0-301F-11D3-BF4B-00C04F79EFBC}") = "Exemple-Composition-2", "Exemple-Composition-2\Exemple-Composition-2.csproj", "{ED26D07A-A3B3-43C4-8D23-4295B7D22E74}"
EndProject
Global
	GlobalSection(SolutionConfigurationPlatforms) = preSolution
		Debug|Any CPU = Debug|Any CPU
		Release|Any CPU = Release|Any CPU
	EndGlobalSection
	GlobalSection(ProjectConfigurationPlatforms) = postSolution
		{ED26D07A-A3B3-43C4-8D23-4295B7D22E74}.Debug|Any CPU.ActiveCfg = Debug|Any CPU
		{ED26D07A-A3B3-43C4-8D23-4295B7D22E74}.Debug|Any CPU.Build.0 = Debug|Any CPU
		{ED26D07A-A3B3-43C4-8D23-4295B7D22E74}.Release|Any CPU.ActiveCfg = Release|Any CPU
		{ED26D07A-A3B3-43C4-8D23-4295B7D22E74}.Release|Any CPU.Build.0 = Release|Any CPU
	EndGlobalSection
	GlobalSection(SolutionProperties) = preSolution
		HideSolutionNode = FALSE
	EndGlobalSection
	GlobalSection(ExtensibilityGlobals) = postSolution
		SolutionGuid = {E9CECE97-972C-4FDA-8A89-38DC7BB1D458}
	EndGlobalSection
EndGlobal
